{
  "name": ".opencode",
  "lockfileVersion": 3,
  "requires": true,
  "packages": {
    "": {
      "dependencies": {
        "ecc-universal": "^1.8.0"
      }
    },
    "node_modules/ecc-universal": {
      "version": "1.8.0",
      "resolved": "https://registry.npmjs.org/ecc-universal/-/ecc-universal-1.8.0.tgz",
      "integrity": "sha512-HeQqDW75Mda7s2MqGjLSY3ZUboDAJLUk5a0uuCWmcPbC9YRXLEhzI0rzgEP5mmnYFo3jKFG3oOEPpIk6UjYpSQ==",
      "hasInstallScript": true,
      "license": "MIT",
      "bin": {
        "ecc-install": "install.sh"
      },
      "engines": {
        "node": ">=18"
      }
    }
  }
}
